
Microsoft Visual Studio Solution File, Format Version 12.00
# Visual Studio 15
VisualStudioVersion = 15.0.28307.106
MinimumVisualStudioVersion = 10.0.40219.1
Project("{FAE04EC0-301F-11D3-BF4B-00C04F79EFBC}") = "WebStaff_Mvc", "WebStaff_Mvc\WebStaff_Mvc.csproj", "{B04951B5-CB28-4C87-B554-F90BEA5F92DE}"
EndProject
Global
	GlobalSection(SolutionConfigurationPlatforms) = preSolution
		Debug|Any CPU = Debug|Any CPU
		Release|Any CPU = Release|Any CPU
	EndGlobalSection
	GlobalSection(ProjectConfigurationPlatforms) = postSolution
		{B04951B5-CB28-4C87-B554-F90BEA5F92DE}.Debug|Any CPU.ActiveCfg = Debug|Any CPU
		{B04951B5-CB28-4C87-B554-F90BEA5F92DE}.Debug|Any CPU.Build.0 = Debug|Any CPU
		{B04951B5-CB28-4C87-B554-F90BEA5F92DE}.Release|Any CPU.ActiveCfg = Release|Any CPU
		{B04951B5-CB28-4C87-B554-F90BEA5F92DE}.Release|Any CPU.Build.0 = Release|Any CPU
	EndGlobalSection
	GlobalSection(SolutionProperties) = preSolution
		HideSolutionNode = FALSE
	EndGlobalSection
	GlobalSection(ExtensibilityGlobals) = postSolution
		SolutionGuid = {E4DC3627-E921-45CA-9B2D-08C00A25B1BC}
	EndGlobalSection
EndGlobal
